
Microsoft Visual Studio Solution File, Format Version 12.00
# Visual Studio 2013
VisualStudioVersion = 12.0.21005.1
MinimumVisualStudioVersion = 10.0.40219.1
Project("{FAE04EC0-301F-11D3-BF4B-00C04F79EFBC}") = "TugasCSharpLanjutanLatihan1", "TugasCSharpLanjutan\TugasCSharpLanjutanLatihan1.csproj", "{88E99193-A944-45F8-B8D9-5F4F52BE7E91}"
EndProject
Project("{FAE04EC0-301F-11D3-BF4B-00C04F79EFBC}") = "TugasCSharpLanjutanLatihan2", "TugasCSharpLanjutanLatihan2\TugasCSharpLanjutanLatihan2.csproj", "{01CF269C-E301-496A-BEDE-85B2D312D23B}"
EndProject
Project("{FAE04EC0-301F-11D3-BF4B-00C04F79EFBC}") = "TugasCSharpLanjutanLatihan3", "TugasCSharpLanjutanLatihan3\TugasCSharpLanjutanLatihan3.csproj", "{F6D8CE24-B89C-4B5B-902E-FC225A6B821C}"
EndProject
Project("{FAE04EC0-301F-11D3-BF4B-00C04F79EFBC}") = "TugasCSharpLanjutanLatihan4_1", "TugasCSharpLanjutanLatihan4\TugasCSharpLanjutanLatihan4_1.csproj", "{ED36EE1D-D774-4E4F-ABE3-13C52FBC623E}"
EndProject
Project("{FAE04EC0-301F-11D3-BF4B-00C04F79EFBC}") = "TugasCSharpLanjutanLatihan5_1", "TugasCSharpLanjutanLatihan5_1\TugasCSharpLanjutanLatihan5_1.csproj", "{F9618311-0BB5-4743-87E9-419BF2456074}"
EndProject
Global
	GlobalSection(SolutionConfigurationPlatforms) = preSolution
		Debug|Any CPU = Debug|Any CPU
		Release|Any CPU = Release|Any CPU
	EndGlobalSection
	GlobalSection(ProjectConfigurationPlatforms) = postSolution
		{88E99193-A944-45F8-B8D9-5F4F52BE7E91}.Debug|Any CPU.ActiveCfg = Debug|Any CPU
		{88E99193-A944-45F8-B8D9-5F4F52BE7E91}.Debug|Any CPU.Build.0 = Debug|Any CPU
		{88E99193-A944-45F8-B8D9-5F4F52BE7E91}.Release|Any CPU.ActiveCfg = Release|Any CPU
		{88E99193-A944-45F8-B8D9-5F4F52BE7E91}.Release|Any CPU.Build.0 = Release|Any CPU
		{01CF269C-E301-496A-BEDE-85B2D312D23B}.Debug|Any CPU.ActiveCfg = Debug|Any CPU
		{01CF269C-E301-496A-BEDE-85B2D312D23B}.Debug|Any CPU.Build.0 = Debug|Any CPU
		{01CF269C-E301-496A-BEDE-85B2D312D23B}.Release|Any CPU.ActiveCfg = Release|Any CPU
		{01CF269C-E301-496A-BEDE-85B2D312D23B}.Release|Any CPU.Build.0 = Release|Any CPU
		{F6D8CE24-B89C-4B5B-902E-FC225A6B821C}.Debug|Any CPU.ActiveCfg = Debug|Any CPU
		{F6D8CE24-B89C-4B5B-902E-FC225A6B821C}.Debug|Any CPU.Build.0 = Debug|Any CPU
		{F6D8CE24-B89C-4B5B-902E-FC225A6B821C}.Release|Any CPU.ActiveCfg = Release|Any CPU
		{F6D8CE24-B89C-4B5B-902E-FC225A6B821C}.Release|Any CPU.Build.0 = Release|Any CPU
		{ED36EE1D-D774-4E4F-ABE3-13C52FBC623E}.Debug|Any CPU.ActiveCfg = Debug|Any CPU
		{ED36EE1D-D774-4E4F-ABE3-13C52FBC623E}.Debug|Any CPU.Build.0 = Debug|Any CPU
		{ED36EE1D-D774-4E4F-ABE3-13C52FBC623E}.Release|Any CPU.ActiveCfg = Release|Any CPU
		{ED36EE1D-D774-4E4F-ABE3-13C52FBC623E}.Release|Any CPU.Build.0 = Release|Any CPU
		{F9618311-0BB5-4743-87E9-419BF2456074}.Debug|Any CPU.ActiveCfg = Debug|Any CPU
		{F9618311-0BB5-4743-87E9-419BF2456074}.Debug|Any CPU.Build.0 = Debug|Any CPU
		{F9618311-0BB5-4743-87E9-419BF2456074}.Release|Any CPU.ActiveCfg = Release|Any CPU
		{F9618311-0BB5-4743-87E9-419BF2456074}.Release|Any CPU.Build.0 = Release|Any CPU
	EndGlobalSection
	GlobalSection(SolutionProperties) = preSolution
		HideSolutionNode = FALSE
	EndGlobalSection
EndGlobal
