
Microsoft Visual Studio Solution File, Format Version 12.00
# Visual Studio 2013
VisualStudioVersion = 12.0.21005.1
MinimumVisualStudioVersion = 10.0.40219.1
Project("{FAE04EC0-301F-11D3-BF4B-00C04F79EFBC}") = "TugasCSharpLanjutanLatihan1", "TugasCSharpLanjutan\TugasCSharpLanjutanLatihan1.csproj", "{88E99193-A944-45F8-B8D9-5F4F52BE7E91}"
EndProject
Project("{FAE04EC0-301F-11D3-BF4B-00C04F79EFBC}") = "TugasCSharpLanjutanLatihan2", "TugasCSharpLanjutanLatihan2\TugasCSharpLanjutanLatihan2.csproj", "{01CF269C-E301-496A-BEDE-85B2D312D23B}"
EndProject
Project("{FAE04EC0-301F-11D3-BF4B-00C04F79EFBC}") = "TugasCSharpLanjutanLatihan3", "TugasCSharpLanjutanLatihan3\TugasCSharpLanjutanLatihan3.csproj", "{F6D8CE24-B89C-4B5B-902E-FC225A6B821C}"
EndProject
Project("{FAE04EC0-301F-11D3-BF4B-00C04F79EFBC}") = "TugasCSharpLanjutanLatihan4-1", "TugasCSharpLanjutanLatihan4-1\TugasCSharpLanjutanLatihan4-1.csproj", "{CF7076F6-2874-4197-9330-E922E1DBC8BA}"
EndProject
Project("{FAE04EC0-301F-11D3-BF4B-00C04F79EFBC}") = "TugasCSharpLanjutanLatihan5", "TugasCSharpLanjutanLatihan5\TugasCSharpLanjutanLatihan5.csproj", "{B02A539C-931A-4FBD-9A08-CC98356133A3}"
EndProject
Global
	GlobalSection(SolutionConfigurationPlatforms) = preSolution
		Debug|Any CPU = Debug|Any CPU
		Release|Any CPU = Release|Any CPU
	EndGlobalSection
	GlobalSection(ProjectConfigurationPlatforms) = postSolution
		{88E99193-A944-45F8-B8D9-5F4F52BE7E91}.Debug|Any CPU.ActiveCfg = Debug|Any CPU
		{88E99193-A944-45F8-B8D9-5F4F52BE7E91}.Debug|Any CPU.Build.0 = Debug|Any CPU
		{88E99193-A944-45F8-B8D9-5F4F52BE7E91}.Release|Any CPU.ActiveCfg = Release|Any CPU
		{88E99193-A944-45F8-B8D9-5F4F52BE7E91}.Release|Any CPU.Build.0 = Release|Any CPU
		{01CF269C-E301-496A-BEDE-85B2D312D23B}.Debug|Any CPU.ActiveCfg = Debug|Any CPU
		{01CF269C-E301-496A-BEDE-85B2D312D23B}.Debug|Any CPU.Build.0 = Debug|Any CPU
		{01CF269C-E301-496A-BEDE-85B2D312D23B}.Release|Any CPU.ActiveCfg = Release|Any CPU
		{01CF269C-E301-496A-BEDE-85B2D312D23B}.Release|Any CPU.Build.0 = Release|Any CPU
		{F6D8CE24-B89C-4B5B-902E-FC225A6B821C}.Debug|Any CPU.ActiveCfg = Debug|Any CPU
		{F6D8CE24-B89C-4B5B-902E-FC225A6B821C}.Debug|Any CPU.Build.0 = Debug|Any CPU
		{F6D8CE24-B89C-4B5B-902E-FC225A6B821C}.Release|Any CPU.ActiveCfg = Release|Any CPU
		{F6D8CE24-B89C-4B5B-902E-FC225A6B821C}.Release|Any CPU.Build.0 = Release|Any CPU
		{CF7076F6-2874-4197-9330-E922E1DBC8BA}.Debug|Any CPU.ActiveCfg = Debug|Any CPU
		{CF7076F6-2874-4197-9330-E922E1DBC8BA}.Debug|Any CPU.Build.0 = Debug|Any CPU
		{CF7076F6-2874-4197-9330-E922E1DBC8BA}.Release|Any CPU.ActiveCfg = Release|Any CPU
		{CF7076F6-2874-4197-9330-E922E1DBC8BA}.Release|Any CPU.Build.0 = Release|Any CPU
		{B02A539C-931A-4FBD-9A08-CC98356133A3}.Debug|Any CPU.ActiveCfg = Debug|Any CPU
		{B02A539C-931A-4FBD-9A08-CC98356133A3}.Debug|Any CPU.Build.0 = Debug|Any CPU
		{B02A539C-931A-4FBD-9A08-CC98356133A3}.Release|Any CPU.ActiveCfg = Release|Any CPU
		{B02A539C-931A-4FBD-9A08-CC98356133A3}.Release|Any CPU.Build.0 = Release|Any CPU
	EndGlobalSection
	GlobalSection(SolutionProperties) = preSolution
		HideSolutionNode = FALSE
	EndGlobalSection
EndGlobal
